
Microsoft Visual Studio Solution File, Format Version 12.00
# Visual Studio Version 17
VisualStudioVersion = 17.6.33723.286
MinimumVisualStudioVersion = 10.0.40219.1
Project("{9A19103F-16F7-4668-BE54-9A1E7A4F7556}") = "ControlDiv.API", "ControlDiv.API\ControlDiv.API.csproj", "{BE66FE87-F519-43E7-B5BA-21E817BF65CB}"
EndProject
Project("{9A19103F-16F7-4668-BE54-9A1E7A4F7556}") = "ControlDiv.Shared", "ControlDiv.Shared\ControlDiv.Shared.csproj", "{5C982A95-D1D8-4579-92D3-DA3C5814806E}"
EndProject
Project("{9A19103F-16F7-4668-BE54-9A1E7A4F7556}") = "ControlDiv.App", "ControlDiv.App\ControlDiv.App.csproj", "{F161CDEB-34F9-46C6-BAB2-8F5C5D4DA0E1}"
EndProject
Project("{FAE04EC0-301F-11D3-BF4B-00C04F79EFBC}") = "ControlDiv.Web", "ControlDiv.Web\ControlDiv.Web.csproj", "{262F7622-84A0-47A3-BD6F-8431934D51B4}"
EndProject
Global
	GlobalSection(SolutionConfigurationPlatforms) = preSolution
		Debug|Any CPU = Debug|Any CPU
		Release|Any CPU = Release|Any CPU
	EndGlobalSection
	GlobalSection(ProjectConfigurationPlatforms) = postSolution
		{BE66FE87-F519-43E7-B5BA-21E817BF65CB}.Debug|Any CPU.ActiveCfg = Debug|Any CPU
		{BE66FE87-F519-43E7-B5BA-21E817BF65CB}.Debug|Any CPU.Build.0 = Debug|Any CPU
		{BE66FE87-F519-43E7-B5BA-21E817BF65CB}.Release|Any CPU.ActiveCfg = Release|Any CPU
		{BE66FE87-F519-43E7-B5BA-21E817BF65CB}.Release|Any CPU.Build.0 = Release|Any CPU
		{5C982A95-D1D8-4579-92D3-DA3C5814806E}.Debug|Any CPU.ActiveCfg = Debug|Any CPU
		{5C982A95-D1D8-4579-92D3-DA3C5814806E}.Debug|Any CPU.Build.0 = Debug|Any CPU
		{5C982A95-D1D8-4579-92D3-DA3C5814806E}.Release|Any CPU.ActiveCfg = Release|Any CPU
		{5C982A95-D1D8-4579-92D3-DA3C5814806E}.Release|Any CPU.Build.0 = Release|Any CPU
		{F161CDEB-34F9-46C6-BAB2-8F5C5D4DA0E1}.Debug|Any CPU.ActiveCfg = Debug|Any CPU
		{F161CDEB-34F9-46C6-BAB2-8F5C5D4DA0E1}.Debug|Any CPU.Build.0 = Debug|Any CPU
		{F161CDEB-34F9-46C6-BAB2-8F5C5D4DA0E1}.Debug|Any CPU.Deploy.0 = Debug|Any CPU
		{F161CDEB-34F9-46C6-BAB2-8F5C5D4DA0E1}.Release|Any CPU.ActiveCfg = Release|Any CPU
		{F161CDEB-34F9-46C6-BAB2-8F5C5D4DA0E1}.Release|Any CPU.Build.0 = Release|Any CPU
		{F161CDEB-34F9-46C6-BAB2-8F5C5D4DA0E1}.Release|Any CPU.Deploy.0 = Release|Any CPU
		{262F7622-84A0-47A3-BD6F-8431934D51B4}.Debug|Any CPU.ActiveCfg = Debug|Any CPU
		{262F7622-84A0-47A3-BD6F-8431934D51B4}.Debug|Any CPU.Build.0 = Debug|Any CPU
		{262F7622-84A0-47A3-BD6F-8431934D51B4}.Release|Any CPU.ActiveCfg = Release|Any CPU
		{262F7622-84A0-47A3-BD6F-8431934D51B4}.Release|Any CPU.Build.0 = Release|Any CPU
	EndGlobalSection
	GlobalSection(SolutionProperties) = preSolution
		HideSolutionNode = FALSE
	EndGlobalSection
	GlobalSection(ExtensibilityGlobals) = postSolution
		SolutionGuid = {58240125-38B7-4F73-99E5-944F80C098AF}
	EndGlobalSection
EndGlobal
